
Microsoft Visual Studio Solution File, Format Version 12.00
# Visual Studio Version 17
VisualStudioVersion = 17.0.32112.339
MinimumVisualStudioVersion = 10.0.40219.1
Project("{FAE04EC0-301F-11D3-BF4B-00C04F79EFBC}") = "NawalKitchenWeb", "NawalKitchenWeb\NawalKitchenWeb.csproj", "{DC00B85C-0811-48D0-9CE2-BA4627F9E7AF}"
EndProject
Global
	GlobalSection(SolutionConfigurationPlatforms) = preSolution
		Debug|Any CPU = Debug|Any CPU
		Release|Any CPU = Release|Any CPU
	EndGlobalSection
	GlobalSection(ProjectConfigurationPlatforms) = postSolution
		{DC00B85C-0811-48D0-9CE2-BA4627F9E7AF}.Debug|Any CPU.ActiveCfg = Debug|Any CPU
		{DC00B85C-0811-48D0-9CE2-BA4627F9E7AF}.Debug|Any CPU.Build.0 = Debug|Any CPU
		{DC00B85C-0811-48D0-9CE2-BA4627F9E7AF}.Release|Any CPU.ActiveCfg = Release|Any CPU
		{DC00B85C-0811-48D0-9CE2-BA4627F9E7AF}.Release|Any CPU.Build.0 = Release|Any CPU
	EndGlobalSection
	GlobalSection(SolutionProperties) = preSolution
		HideSolutionNode = FALSE
	EndGlobalSection
	GlobalSection(ExtensibilityGlobals) = postSolution
		SolutionGuid = {F9BBE036-B02D-428B-97A9-C60D0208A90B}
	EndGlobalSection
EndGlobal
